<?xml version="1.0" encoding="utf-8"?>
<Project ToolsVersion="4.0" xmlns="http://schemas.microsoft.com/developer/msbuild/2003">
  <ItemGroup>
    <Filter Include="Исходные файлы">
      <UniqueIdentifier>{4FC737F1-C7A5-4376-A066-2A32D752A2FF}</UniqueIdentifier>
      <Extensions>cpp;c;cc;cxx;def;odl;idl;hpj;bat;asm;asmx</Extensions>
    </Filter>
    <Filter Include="Файлы заголовков">
      <UniqueIdentifier>{93995380-89BD-4b04-88EB-625FBE52EBFB}</UniqueIdentifier>
      <Extensions>h;hh;hpp;hxx;hm;inl;inc;xsd</Extensions>
    </Filter>
    <Filter Include="Файлы ресурсов">
      <UniqueIdentifier>{67DA6AB6-F800-4c08-8B7A-83BB121AAD01}</UniqueIdentifier>
      <Extensions>rc;ico;cur;bmp;dlg;rc2;rct;bin;rgs;gif;jpg;jpeg;jpe;resx;tiff;tif;png;wav;mfcribbon-ms</Extensions>
    </Filter>
    <Filter Include="Исходные файлы\Common">
      <UniqueIdentifier>{a7910587-ca2d-4a27-abe6-0cc3e7e4ac58}</UniqueIdentifier>
    </Filter>
    <Filter Include="Файлы заголовков\Common">
      <UniqueIdentifier>{4d9b44bc-b7dc-4afc-aaba-d1a49079b063}</UniqueIdentifier>
    </Filter>
    <Filter Include="Файлы заголовков\HungarianAlgorithm">
      <UniqueIdentifier>{dd3d5d2e-7704-4bdc-aef2-389afe3b2abe}</UniqueIdentifier>
    </Filter>
    <Filter Include="Исходные файлы\HungarianAlgorithm">
      <UniqueIdentifier>{910d9579-caef-4ef8-ac09-c7e9dbf76248}</UniqueIdentifier>
    </Filter>
    <Filter Include="Исходные файлы\LPRecognizer">
      <UniqueIdentifier>{27631360-f239-4df7-91df-48393de2ffda}</UniqueIdentifier>
    </Filter>
    <Filter Include="Файлы заголовков\LPRecognizer">
      <UniqueIdentifier>{a574e244-9d38-4f0f-8770-dcb28bd6bb48}</UniqueIdentifier>
    </Filter>
    <Filter Include="Исходные файлы\LPTracker">
      <UniqueIdentifier>{38ed4217-2cef-44b8-908a-177348a84f2e}</UniqueIdentifier>
    </Filter>
    <Filter Include="Файлы заголовков\LPTracker">
      <UniqueIdentifier>{afa08dc4-c7ce-403b-bb99-e1a1ab23b53b}</UniqueIdentifier>
    </Filter>
    <Filter Include="Исходные файлы\OFTracker">
      <UniqueIdentifier>{4d701041-9c0d-4500-8c73-005d3f7fe7fa}</UniqueIdentifier>
    </Filter>
    <Filter Include="Файлы заголовков\OFTracker">
      <UniqueIdentifier>{ca91c825-c663-4243-b1d9-47e841d83b7d}</UniqueIdentifier>
    </Filter>
    <Filter Include="Исходные файлы\Debug">
      <UniqueIdentifier>{0bbd685b-addb-47a9-b60a-f846db2d9986}</UniqueIdentifier>
    </Filter>
    <Filter Include="Файлы заголовков\Debug">
      <UniqueIdentifier>{820e2ed1-98ab-43f2-8212-ef0cf438e4f2}</UniqueIdentifier>
    </Filter>
  </ItemGroup>
  <ItemGroup>
    <ClCompile Include="main.cpp">
      <Filter>Исходные файлы</Filter>
    </ClCompile>
    <ClCompile Include="LPTracker.cpp">
      <Filter>Исходные файлы\LPTracker</Filter>
    </ClCompile>
    <ClCompile Include="OpticalFlowTracker.cpp">
      <Filter>Исходные файлы\OFTracker</Filter>
    </ClCompile>
    <ClCompile Include="GeometryCommon.cpp">
      <Filter>Исходные файлы\Common</Filter>
    </ClCompile>
    <ClCompile Include="munkres.cpp">
      <Filter>Исходные файлы\HungarianAlgorithm</Filter>
    </ClCompile>
    <ClCompile Include="LPTrack.cpp">
      <Filter>Исходные файлы\LPTracker</Filter>
    </ClCompile>
    <ClCompile Include="LPRecognizerZone.cpp">
      <Filter>Исходные файлы\LPRecognizer</Filter>
    </ClCompile>
    <ClCompile Include="LPRecognizer.cpp">
      <Filter>Исходные файлы\LPRecognizer</Filter>
    </ClCompile>
    <ClCompile Include="LPPlate.cpp">
      <Filter>Исходные файлы\LPTracker</Filter>
    </ClCompile>
    <ClCompile Include="FrameCapture.cpp">
      <Filter>Исходные файлы\Debug</Filter>
    </ClCompile>
  </ItemGroup>
  <ItemGroup>
    <ClInclude Include="LPTracker.h">
      <Filter>Файлы заголовков\LPTracker</Filter>
    </ClInclude>
    <ClInclude Include="OpticalFlowTracker.h">
      <Filter>Файлы заголовков\OFTracker</Filter>
    </ClInclude>
    <ClInclude Include="GeometryCommon.h">
      <Filter>Файлы заголовков\Common</Filter>
    </ClInclude>
    <ClInclude Include="matrix.h">
      <Filter>Файлы заголовков\HungarianAlgorithm</Filter>
    </ClInclude>
    <ClInclude Include="munkres.h">
      <Filter>Файлы заголовков\HungarianAlgorithm</Filter>
    </ClInclude>
    <ClInclude Include="LPTrack.h">
      <Filter>Файлы заголовков\LPTracker</Filter>
    </ClInclude>
    <ClInclude Include="LPRecognizerZone.h">
      <Filter>Файлы заголовков\LPRecognizer</Filter>
    </ClInclude>
    <ClInclude Include="LPRecognizer.h">
      <Filter>Файлы заголовков\LPRecognizer</Filter>
    </ClInclude>
    <ClInclude Include="LPPlate.h">
      <Filter>Файлы заголовков\LPTracker</Filter>
    </ClInclude>
    <ClInclude Include="FrameCapture.h">
      <Filter>Файлы заголовков\Debug</Filter>
    </ClInclude>
  </ItemGroup>
</Project>